
Microsoft Visual Studio Solution File, Format Version 12.00
# Visual Studio 2012
Project("{FAE04EC0-301F-11D3-BF4B-00C04F79EFBC}") = "WebSpider_CancerTypes", "WebSpider_CancerTypes\WebSpider_CancerTypes.csproj", "{57BBDF9E-CB8E-4807-AA75-CC55BF4E151F}"
EndProject
Global
	GlobalSection(SolutionConfigurationPlatforms) = preSolution
		Debug|Any CPU = Debug|Any CPU
		Release|Any CPU = Release|Any CPU
	EndGlobalSection
	GlobalSection(ProjectConfigurationPlatforms) = postSolution
		{57BBDF9E-CB8E-4807-AA75-CC55BF4E151F}.Debug|Any CPU.ActiveCfg = Debug|Any CPU
		{57BBDF9E-CB8E-4807-AA75-CC55BF4E151F}.Debug|Any CPU.Build.0 = Debug|Any CPU
		{57BBDF9E-CB8E-4807-AA75-CC55BF4E151F}.Release|Any CPU.ActiveCfg = Release|Any CPU
		{57BBDF9E-CB8E-4807-AA75-CC55BF4E151F}.Release|Any CPU.Build.0 = Release|Any CPU
	EndGlobalSection
	GlobalSection(SolutionProperties) = preSolution
		HideSolutionNode = FALSE
	EndGlobalSection
EndGlobal
